
Microsoft Visual Studio Solution File, Format Version 12.00
# Visual Studio Version 17
VisualStudioVersion = 17.4.33110.190
MinimumVisualStudioVersion = 10.0.40219.1
Project("{9A19103F-16F7-4668-BE54-9A1E7A4F7556}") = "TeleTool", "TeleTool\TeleTool.csproj", "{D3EED5E5-72D1-4244-9064-4AD5B0AD0E62}"
EndProject
Global
	GlobalSection(SolutionConfigurationPlatforms) = preSolution
		Debug|Any CPU = Debug|Any CPU
		Release|Any CPU = Release|Any CPU
	EndGlobalSection
	GlobalSection(ProjectConfigurationPlatforms) = postSolution
		{D3EED5E5-72D1-4244-9064-4AD5B0AD0E62}.Debug|Any CPU.ActiveCfg = Debug|Any CPU
		{D3EED5E5-72D1-4244-9064-4AD5B0AD0E62}.Debug|Any CPU.Build.0 = Debug|Any CPU
		{D3EED5E5-72D1-4244-9064-4AD5B0AD0E62}.Release|Any CPU.ActiveCfg = Release|Any CPU
		{D3EED5E5-72D1-4244-9064-4AD5B0AD0E62}.Release|Any CPU.Build.0 = Release|Any CPU
	EndGlobalSection
	GlobalSection(SolutionProperties) = preSolution
		HideSolutionNode = FALSE
	EndGlobalSection
	GlobalSection(ExtensibilityGlobals) = postSolution
		SolutionGuid = {A0271F03-FCEB-4184-9097-916900E88A7E}
	EndGlobalSection
EndGlobal
